{
  "name": "elasticsearchnodeclient",
  "version": "1.0.0",
  "lockfileVersion": 1,
  "requires": true,
  "dependencies": {
    "@elastic/elasticsearch": {
      "version": "8.2.1",
      "resolved": "https://registry.npmjs.org/@elastic/elasticsearch/-/elasticsearch-8.2.1.tgz",
      "integrity": "sha512-Kwerd8DfNZdBGgl7fkn+20kXkw1QePB3goTv5QwW9poo2d4VbPE0EChmh6irpXWAGsVSYiKr8x6bh8dH5YdylA==",
      "requires": {
        "@elastic/transport": "^8.2.0",
        "tslib": "^2.4.0"
      }
    },
    "@elastic/transport": {
      "version": "8.2.0",
      "resolved": "https://registry.npmjs.org/@elastic/transport/-/transport-8.2.0.tgz",
      "integrity": "sha512-H/HmefMNQfLiBSVTmNExu2lYs5EzwipUnQB53WLr17RCTDaQX0oOLHcWpDsbKQSRhDAMPPzp5YZsZMJxuxPh7A==",
      "requires": {
        "debug": "^4.3.4",
        "hpagent": "^1.0.0",
        "ms": "^2.1.3",
        "secure-json-parse": "^2.4.0",
        "tslib": "^2.4.0",
        "undici": "^5.1.1"
      }
    },
    "debug": {
      "version": "4.3.4",
      "resolved": "https://registry.npmjs.org/debug/-/debug-4.3.4.tgz",
      "integrity": "sha512-PRWFHuSU3eDtQJPvnNY7Jcket1j0t5OuOsFzPPzsekD52Zl8qUfFIPEiswXqIvHWGVHOgX+7G/vCNNhehwxfkQ==",
      "requires": {
        "ms": "2.1.2"
      },
      "dependencies": {
        "ms": {
          "version": "2.1.2",
          "resolved": "https://registry.npmjs.org/ms/-/ms-2.1.2.tgz",
          "integrity": "sha512-sGkPx+VjMtmA6MX27oA4FBFELFCZZ4S4XqeGOXCv68tT+jb3vk/RyaKWP0PTKyWtmLSM0b+adUTEvbs1PEaH2w=="
        }
      }
    },
    "fs": {
      "version": "0.0.1-security",
      "resolved": "https://registry.npmjs.org/fs/-/fs-0.0.1-security.tgz",
      "integrity": "sha512-3XY9e1pP0CVEUCdj5BmfIZxRBTSDycnbqhIOGec9QYtmVH2fbLpj86CFWkrNOkt/Fvty4KZG5lTglL9j/gJ87w=="
    },
    "hpagent": {
      "version": "1.0.0",
      "resolved": "https://registry.npmjs.org/hpagent/-/hpagent-1.0.0.tgz",
      "integrity": "sha512-SCleE2Uc1bM752ymxg8QXYGW0TWtAV4ZW3TqH1aOnyi6T6YW2xadCcclm5qeVjvMvfQ2RKNtZxO7uVb9CTPt1A=="
    },
    "ms": {
      "version": "2.1.3",
      "resolved": "https://registry.npmjs.org/ms/-/ms-2.1.3.tgz",
      "integrity": "sha512-6FlzubTLZG3J2a/NVCAleEhjzq5oxgHyaCU9yYXvcLsvoVaHJq/s5xXI6/XXP6tz7R9xAOtHnSO/tXtF3WRTlA=="
    },
    "secure-json-parse": {
      "version": "2.5.0",
      "resolved": "https://registry.npmjs.org/secure-json-parse/-/secure-json-parse-2.5.0.tgz",
      "integrity": "sha512-ZQruFgZnIWH+WyO9t5rWt4ZEGqCKPwhiw+YbzTwpmT9elgLrLcfuyUiSnwwjUiVy9r4VM3urtbNF1xmEh9IL2w=="
    },
    "tslib": {
      "version": "2.4.0",
      "resolved": "https://registry.npmjs.org/tslib/-/tslib-2.4.0.tgz",
      "integrity": "sha512-d6xOpEDfsi2CZVlPQzGeux8XMwLT9hssAsaPYExaQMuYskwb+x1x7J371tWlbBdWHroy99KnVB6qIkUbs5X3UQ=="
    },
    "undici": {
      "version": "5.8.2",
      "resolved": "https://registry.npmjs.org/undici/-/undici-5.8.2.tgz",
      "integrity": "sha512-3KLq3pXMS0Y4IELV045fTxqz04Nk9Ms7yfBBHum3yxsTR4XNn+ZCaUbf/mWitgYDAhsplQ0B1G4S5D345lMO3A=="
    }
  }
}
